// !$*UTF8*$!
{
	archiveVersion = 1;
	classes = {
	};
	objectVersion = 56;
	objects = {

/* Begin PBXBuildFile section */
		48F145F02AF741700089B961 /* PotterpediaApp.swift in Sources */ = {isa = PBXBuildFile; fileRef = 48F145EF2AF741700089B961 /* PotterpediaApp.swift */; };
		48F145F22AF741700089B961 /* CharacterView.swift in Sources */ = {isa = PBXBuildFile; fileRef = 48F145F12AF741700089B961 /* CharacterView.swift */; };
		48F145F42AF741710089B961 /* Assets.xcassets in Resources */ = {isa = PBXBuildFile; fileRef = 48F145F32AF741710089B961 /* Assets.xcassets */; };
		48F145F72AF741710089B961 /* Preview Assets.xcassets in Resources */ = {isa = PBXBuildFile; fileRef = 48F145F62AF741710089B961 /* Preview Assets.xcassets */; };
		48F146012AF741710089B961 /* PotterpediaTests.swift in Sources */ = {isa = PBXBuildFile; fileRef = 48F146002AF741710089B961 /* PotterpediaTests.swift */; };
		48F1460B2AF741710089B961 /* PotterpediaUITests.swift in Sources */ = {isa = PBXBuildFile; fileRef = 48F1460A2AF741710089B961 /* PotterpediaUITests.swift */; };
		48F1460D2AF741710089B961 /* PotterpediaUITestsLaunchTests.swift in Sources */ = {isa = PBXBuildFile; fileRef = 48F1460C2AF741710089B961 /* PotterpediaUITestsLaunchTests.swift */; };
		48F1461C2AF7477A0089B961 /* HarryPotterAPI.swift in Sources */ = {isa = PBXBuildFile; fileRef = 48F1461B2AF7477A0089B961 /* HarryPotterAPI.swift */; };
		48F1461E2AF747FE0089B961 /* Character.swift in Sources */ = {isa = PBXBuildFile; fileRef = 48F1461D2AF747FE0089B961 /* Character.swift */; };
		48F146202AF8A18F0089B961 /* CharacterViewModel.swift in Sources */ = {isa = PBXBuildFile; fileRef = 48F1461F2AF8A18F0089B961 /* CharacterViewModel.swift */; };
/* End PBXBuildFile section */

/* Begin PBXContainerItemProxy section */
		48F145FD2AF741710089B961 /* PBXContainerItemProxy */ = {
			isa = PBXContainerItemProxy;
			containerPortal = 48F145E42AF741700089B961 /* Project object */;
			proxyType = 1;
			remoteGlobalIDString = 48F145EB2AF741700089B961;
			remoteInfo = Potterpedia;
		};
		48F146072AF741710089B961 /* PBXContainerItemProxy */ = {
			isa = PBXContainerItemProxy;
			containerPortal = 48F145E42AF741700089B961 /* Project object */;
			proxyType = 1;
			remoteGlobalIDString = 48F145EB2AF741700089B961;
			remoteInfo = Potterpedia;
		};
/* End PBXContainerItemProxy section */

/* Begin PBXFileReference section */
		48F145EC2AF741700089B961 /* Potterpedia.app */ = {isa = PBXFileReference; explicitFileType = wrapper.application; includeInIndex = 0; path = Potterpedia.app; sourceTree = BUILT_PRODUCTS_DIR; };
		48F145EF2AF741700089B961 /* PotterpediaApp.swift */ = {isa = PBXFileReference; lastKnownFileType = sourcecode.swift; path = PotterpediaApp.swift; sourceTree = "<group>"; };
		48F145F12AF741700089B961 /* CharacterView.swift */ = {isa = PBXFileReference; lastKnownFileType = sourcecode.swift; path = CharacterView.swift; sourceTree = "<group>"; };
		48F145F32AF741710089B961 /* Assets.xcassets */ = {isa = PBXFileReference; lastKnownFileType = folder.assetcatalog; path = Assets.xcassets; sourceTree = "<group>"; };
		48F145F62AF741710089B961 /* Preview Assets.xcassets */ = {isa = PBXFileReference; lastKnownFileType = folder.assetcatalog; path = "Preview Assets.xcassets"; sourceTree = "<group>"; };
		48F145FC2AF741710089B961 /* PotterpediaTests.xctest */ = {isa = PBXFileReference; explicitFileType = wrapper.cfbundle; includeInIndex = 0; path = PotterpediaTests.xctest; sourceTree = BUILT_PRODUCTS_DIR; };
		48F146002AF741710089B961 /* PotterpediaTests.swift */ = {isa = PBXFileReference; lastKnownFileType = sourcecode.swift; path = PotterpediaTests.swift; sourceTree = "<group>"; };
		48F146062AF741710089B961 /* PotterpediaUITests.xctest */ = {isa = PBXFileReference; explicitFileType = wrapper.cfbundle; includeInIndex = 0; path = PotterpediaUITests.xctest; sourceTree = BUILT_PRODUCTS_DIR; };
		48F1460A2AF741710089B961 /* PotterpediaUITests.swift */ = {isa = PBXFileReference; lastKnownFileType = sourcecode.swift; path = PotterpediaUITests.swift; sourceTree = "<group>"; };
		48F1460C2AF741710089B961 /* PotterpediaUITestsLaunchTests.swift */ = {isa = PBXFileReference; lastKnownFileType = sourcecode.swift; path = PotterpediaUITestsLaunchTests.swift; sourceTree = "<group>"; };
		48F1461B2AF7477A0089B961 /* HarryPotterAPI.swift */ = {isa = PBXFileReference; lastKnownFileType = sourcecode.swift; path = HarryPotterAPI.swift; sourceTree = "<group>"; };
		48F1461D2AF747FE0089B961 /* Character.swift */ = {isa = PBXFileReference; lastKnownFileType = sourcecode.swift; path = Character.swift; sourceTree = "<group>"; };
		48F1461F2AF8A18F0089B961 /* CharacterViewModel.swift */ = {isa = PBXFileReference; lastKnownFileType = sourcecode.swift; path = CharacterViewModel.swift; sourceTree = "<group>"; };
/* End PBXFileReference section */

/* Begin PBXFrameworksBuildPhase section */
		48F145E92AF741700089B961 /* Frameworks */ = {
			isa = PBXFrameworksBuildPhase;
			buildActionMask = 2147483647;
			files = (
			);
			runOnlyForDeploymentPostprocessing = 0;
		};
		48F145F92AF741710089B961 /* Frameworks */ = {
			isa = PBXFrameworksBuildPhase;
			buildActionMask = 2147483647;
			files = (
			);
			runOnlyForDeploymentPostprocessing = 0;
		};
		48F146032AF741710089B961 /* Frameworks */ = {
			isa = PBXFrameworksBuildPhase;
			buildActionMask = 2147483647;
			files = (
			);
			runOnlyForDeploymentPostprocessing = 0;
		};
/* End PBXFrameworksBuildPhase section */

/* Begin PBXGroup section */
		48F145E32AF741700089B961 = {
			isa = PBXGroup;
			children = (
				48F145EE2AF741700089B961 /* Potterpedia */,
				48F145FF2AF741710089B961 /* PotterpediaTests */,
				48F146092AF741710089B961 /* PotterpediaUITests */,
				48F145ED2AF741700089B961 /* Products */,
			);
			sourceTree = "<group>";
		};
		48F145ED2AF741700089B961 /* Products */ = {
			isa = PBXGroup;
			children = (
				48F145EC2AF741700089B961 /* Potterpedia.app */,
				48F145FC2AF741710089B961 /* PotterpediaTests.xctest */,
				48F146062AF741710089B961 /* PotterpediaUITests.xctest */,
			);
			name = Products;
			sourceTree = "<group>";
		};
		48F145EE2AF741700089B961 /* Potterpedia */ = {
			isa = PBXGroup;
			children = (
				48F145EF2AF741700089B961 /* PotterpediaApp.swift */,
				48F145F12AF741700089B961 /* CharacterView.swift */,
				48F145F32AF741710089B961 /* Assets.xcassets */,
				48F145F52AF741710089B961 /* Preview Content */,
				48F1461B2AF7477A0089B961 /* HarryPotterAPI.swift */,
				48F1461D2AF747FE0089B961 /* Character.swift */,
				48F1461F2AF8A18F0089B961 /* CharacterViewModel.swift */,
			);
			path = Potterpedia;
			sourceTree = "<group>";
		};
		48F145F52AF741710089B961 /* Preview Content */ = {
			isa = PBXGroup;
			children = (
				48F145F62AF741710089B961 /* Preview Assets.xcassets */,
			);
			path = "Preview Content";
			sourceTree = "<group>";
		};
		48F145FF2AF741710089B961 /* PotterpediaTests */ = {
			isa = PBXGroup;
			children = (
				48F146002AF741710089B961 /* PotterpediaTests.swift */,
			);
			path = PotterpediaTests;
			sourceTree = "<group>";
		};
		48F146092AF741710089B961 /* PotterpediaUITests */ = {
			isa = PBXGroup;
			children = (
				48F1460A2AF741710089B961 /* PotterpediaUITests.swift */,
				48F1460C2AF741710089B961 /* PotterpediaUITestsLaunchTests.swift */,
			);
			path = PotterpediaUITests;
			sourceTree = "<group>";
		};
/* End PBXGroup section */

/* Begin PBXNativeTarget section */
		48F145EB2AF741700089B961 /* Potterpedia */ = {
			isa = PBXNativeTarget;
			buildConfigurationList = 48F146102AF741710089B961 /* Build configuration list for PBXNativeTarget "Potterpedia" */;
			buildPhases = (
				48F145E82AF741700089B961 /* Sources */,
				48F145E92AF741700089B961 /* Frameworks */,
				48F145EA2AF741700089B961 /* Resources */,
			);
			buildRules = (
			);
			dependencies = (
			);
			name = Potterpedia;
			productName = Potterpedia;
			productReference = 48F145EC2AF741700089B961 /* Potterpedia.app */;
			productType = "com.apple.product-type.application";
		};
		48F145FB2AF741710089B961 /* PotterpediaTests */ = {
			isa = PBXNativeTarget;
			buildConfigurationList = 48F146132AF741710089B961 /* Build configuration list for PBXNativeTarget "PotterpediaTests" */;
			buildPhases = (
				48F145F82AF741710089B961 /* Sources */,
				48F145F92AF741710089B961 /* Frameworks */,
				48F145FA2AF741710089B961 /* Resources */,
			);
			buildRules = (
			);
			dependencies = (
				48F145FE2AF741710089B961 /* PBXTargetDependency */,
			);
			name = PotterpediaTests;
			productName = PotterpediaTests;
			productReference = 48F145FC2AF741710089B961 /* PotterpediaTests.xctest */;
			productType = "com.apple.product-type.bundle.unit-test";
		};
		48F146052AF741710089B961 /* PotterpediaUITests */ = {
			isa = PBXNativeTarget;
			buildConfigurationList = 48F146162AF741710089B961 /* Build configuration list for PBXNativeTarget "PotterpediaUITests" */;
			buildPhases = (
				48F146022AF741710089B961 /* Sources */,
				48F146032AF741710089B961 /* Frameworks */,
				48F146042AF741710089B961 /* Resources */,
			);
			buildRules = (
			);
			dependencies = (
				48F146082AF741710089B961 /* PBXTargetDependency */,
			);
			name = PotterpediaUITests;
			productName = PotterpediaUITests;
			productReference = 48F146062AF741710089B961 /* PotterpediaUITests.xctest */;
			productType = "com.apple.product-type.bundle.ui-testing";
		};
/* End PBXNativeTarget section */

/* Begin PBXProject section */
		48F145E42AF741700089B961 /* Project object */ = {
			isa = PBXProject;
			attributes = {
				BuildIndependentTargetsInParallel = 1;
				LastSwiftUpdateCheck = 1500;
				LastUpgradeCheck = 1500;
				TargetAttributes = {
					48F145EB2AF741700089B961 = {
						CreatedOnToolsVersion = 15.0.1;
					};
					48F145FB2AF741710089B961 = {
						CreatedOnToolsVersion = 15.0.1;
						TestTargetID = 48F145EB2AF741700089B961;
					};
					48F146052AF741710089B961 = {
						CreatedOnToolsVersion = 15.0.1;
						TestTargetID = 48F145EB2AF741700089B961;
					};
				};
			};
			buildConfigurationList = 48F145E72AF741700089B961 /* Build configuration list for PBXProject "Potterpedia" */;
			compatibilityVersion = "Xcode 14.0";
			developmentRegion = en;
			hasScannedForEncodings = 0;
			knownRegions = (
				en,
				Base,
			);
			mainGroup = 48F145E32AF741700089B961;
			productRefGroup = 48F145ED2AF741700089B961 /* Products */;
			projectDirPath = "";
			projectRoot = "";
			targets = (
				48F145EB2AF741700089B961 /* Potterpedia */,
				48F145FB2AF741710089B961 /* PotterpediaTests */,
				48F146052AF741710089B961 /* PotterpediaUITests */,
			);
		};
/* End PBXProject section */

/* Begin PBXResourcesBuildPhase section */
		48F145EA2AF741700089B961 /* Resources */ = {
			isa = PBXResourcesBuildPhase;
			buildActionMask = 2147483647;
			files = (
				48F145F72AF741710089B961 /* Preview Assets.xcassets in Resources */,
				48F145F42AF741710089B961 /* Assets.xcassets in Resources */,
			);
			runOnlyForDeploymentPostprocessing = 0;
		};
		48F145FA2AF741710089B961 /* Resources */ = {
			isa = PBXResourcesBuildPhase;
			buildActionMask = 2147483647;
			files = (
			);
			runOnlyForDeploymentPostprocessing = 0;
		};
		48F146042AF741710089B961 /* Resources */ = {
			isa = PBXResourcesBuildPhase;
			buildActionMask = 2147483647;
			files = (
			);
			runOnlyForDeploymentPostprocessing = 0;
		};
/* End PBXResourcesBuildPhase section */

/* Begin PBXSourcesBuildPhase section */
		48F145E82AF741700089B961 /* Sources */ = {
			isa = PBXSourcesBuildPhase;
			buildActionMask = 2147483647;
			files = (
				48F145F22AF741700089B961 /* CharacterView.swift in Sources */,
				48F146202AF8A18F0089B961 /* CharacterViewModel.swift in Sources */,
				48F1461C2AF7477A0089B961 /* HarryPotterAPI.swift in Sources */,
				48F145F02AF741700089B961 /* PotterpediaApp.swift in Sources */,
				48F1461E2AF747FE0089B961 /* Character.swift in Sources */,
			);
			runOnlyForDeploymentPostprocessing = 0;
		};
		48F145F82AF741710089B961 /* Sources */ = {
			isa = PBXSourcesBuildPhase;
			buildActionMask = 2147483647;
			files = (
				48F146012AF741710089B961 /* PotterpediaTests.swift in Sources */,
			);
			runOnlyForDeploymentPostprocessing = 0;
		};
		48F146022AF741710089B961 /* Sources */ = {
			isa = PBXSourcesBuildPhase;
			buildActionMask = 2147483647;
			files = (
				48F1460D2AF741710089B961 /* PotterpediaUITestsLaunchTests.swift in Sources */,
				48F1460B2AF741710089B961 /* PotterpediaUITests.swift in Sources */,
			);
			runOnlyForDeploymentPostprocessing = 0;
		};
/* End PBXSourcesBuildPhase section */

/* Begin PBXTargetDependency section */
		48F145FE2AF741710089B961 /* PBXTargetDependency */ = {
			isa = PBXTargetDependency;
			target = 48F145EB2AF741700089B961 /* Potterpedia */;
			targetProxy = 48F145FD2AF741710089B961 /* PBXContainerItemProxy */;
		};
		48F146082AF741710089B961 /* PBXTargetDependency */ = {
			isa = PBXTargetDependency;
			target = 48F145EB2AF741700089B961 /* Potterpedia */;
			targetProxy = 48F146072AF741710089B961 /* PBXContainerItemProxy */;
		};
/* End PBXTargetDependency section */

/* Begin XCBuildConfiguration section */
		48F1460E2AF741710089B961 /* Debug */ = {
			isa = XCBuildConfiguration;
			buildSettings = {
				ALWAYS_SEARCH_USER_PATHS = NO;
				ASSETCATALOG_COMPILER_GENERATE_SWIFT_ASSET_SYMBOL_EXTENSIONS = YES;
				CLANG_ANALYZER_NONNULL = YES;
				CLANG_ANALYZER_NUMBER_OBJECT_CONVERSION = YES_AGGRESSIVE;
				CLANG_CXX_LANGUAGE_STANDARD = "gnu++20";
				CLANG_ENABLE_MODULES = YES;
				CLANG_ENABLE_OBJC_ARC = YES;
				CLANG_ENABLE_OBJC_WEAK = YES;
				CLANG_WARN_BLOCK_CAPTURE_AUTORELEASING = YES;
				CLANG_WARN_BOOL_CONVERSION = YES;
				CLANG_WARN_COMMA = YES;
				CLANG_WARN_CONSTANT_CONVERSION = YES;
				CLANG_WARN_DEPRECATED_OBJC_IMPLEMENTATIONS = YES;
				CLANG_WARN_DIRECT_OBJC_ISA_USAGE = YES_ERROR;
				CLANG_WARN_DOCUMENTATION_COMMENTS = YES;
				CLANG_WARN_EMPTY_BODY = YES;
				CLANG_WARN_ENUM_CONVERSION = YES;
				CLANG_WARN_INFINITE_RECURSION = YES;
				CLANG_WARN_INT_CONVERSION = YES;
				CLANG_WARN_NON_LITERAL_NULL_CONVERSION = YES;
				CLANG_WARN_OBJC_IMPLICIT_RETAIN_SELF = YES;
				CLANG_WARN_OBJC_LITERAL_CONVERSION = YES;
				CLANG_WARN_OBJC_ROOT_CLASS = YES_ERROR;
				CLANG_WARN_QUOTED_INCLUDE_IN_FRAMEWORK_HEADER = YES;
				CLANG_WARN_RANGE_LOOP_ANALYSIS = YES;
				CLANG_WARN_STRICT_PROTOTYPES = YES;
				CLANG_WARN_SUSPICIOUS_MOVE = YES;
				CLANG_WARN_UNGUARDED_AVAILABILITY = YES_AGGRESSIVE;
				CLANG_WARN_UNREACHABLE_CODE = YES;
				CLANG_WARN__DUPLICATE_METHOD_MATCH = YES;
				COPY_PHASE_STRIP = NO;
				DEBUG_INFORMATION_FORMAT = dwarf;
				ENABLE_STRICT_OBJC_MSGSEND = YES;
				ENABLE_TESTABILITY = YES;
				ENABLE_USER_SCRIPT_SANDBOXING = YES;
				GCC_C_LANGUAGE_STANDARD = gnu17;
				GCC_DYNAMIC_NO_PIC = NO;
				GCC_NO_COMMON_BLOCKS = YES;
				GCC_OPTIMIZATION_LEVEL = 0;
				GCC_PREPROCESSOR_DEFINITIONS = (
					"DEBUG=1",
					"$(inherited)",
				);
				GCC_WARN_64_TO_32_BIT_CONVERSION = YES;
				GCC_WARN_ABOUT_RETURN_TYPE = YES_ERROR;
				GCC_WARN_UNDECLARED_SELECTOR = YES;
				GCC_WARN_UNINITIALIZED_AUTOS = YES_AGGRESSIVE;
				GCC_WARN_UNUSED_FUNCTION = YES;
				GCC_WARN_UNUSED_VARIABLE = YES;
				IPHONEOS_DEPLOYMENT_TARGET = 17.0;
				LOCALIZATION_PREFERS_STRING_CATALOGS = YES;
				MTL_ENABLE_DEBUG_INFO = INCLUDE_SOURCE;
				MTL_FAST_MATH = YES;
				ONLY_ACTIVE_ARCH = YES;
				SDKROOT = iphoneos;
				SWIFT_ACTIVE_COMPILATION_CONDITIONS = "DEBUG $(inherited)";
				SWIFT_OPTIMIZATION_LEVEL = "-Onone";
			};
			name = Debug;
		};
		48F1460F2AF741710089B961 /* Release */ = {
			isa = XCBuildConfiguration;
			buildSettings = {
				ALWAYS_SEARCH_USER_PATHS = NO;
				ASSETCATALOG_COMPILER_GENERATE_SWIFT_ASSET_SYMBOL_EXTENSIONS = YES;
				CLANG_ANALYZER_NONNULL = YES;
				CLANG_ANALYZER_NUMBER_OBJECT_CONVERSION = YES_AGGRESSIVE;
				CLANG_CXX_LANGUAGE_STANDARD = "gnu++20";
				CLANG_ENABLE_MODULES = YES;
				CLANG_ENABLE_OBJC_ARC = YES;
				CLANG_ENABLE_OBJC_WEAK = YES;
				CLANG_WARN_BLOCK_CAPTURE_AUTORELEASING = YES;
				CLANG_WARN_BOOL_CONVERSION = YES;
				CLANG_WARN_COMMA = YES;
				CLANG_WARN_CONSTANT_CONVERSION = YES;
				CLANG_WARN_DEPRECATED_OBJC_IMPLEMENTATIONS = YES;
				CLANG_WARN_DIRECT_OBJC_ISA_USAGE = YES_ERROR;
				CLANG_WARN_DOCUMENTATION_COMMENTS = YES;
				CLANG_WARN_EMPTY_BODY = YES;
				CLANG_WARN_ENUM_CONVERSION = YES;
				CLANG_WARN_INFINITE_RECURSION = YES;
				CLANG_WARN_INT_CONVERSION = YES;
				CLANG_WARN_NON_LITERAL_NULL_CONVERSION = YES;
				CLANG_WARN_OBJC_IMPLICIT_RETAIN_SELF = YES;
				CLANG_WARN_OBJC_LITERAL_CONVERSION = YES;
				CLANG_WARN_OBJC_ROOT_CLASS = YES_ERROR;
				CLANG_WARN_QUOTED_INCLUDE_IN_FRAMEWORK_HEADER = YES;
				CLANG_WARN_RANGE_LOOP_ANALYSIS = YES;
				CLANG_WARN_STRICT_PROTOTYPES = YES;
				CLANG_WARN_SUSPICIOUS_MOVE = YES;
				CLANG_WARN_UNGUARDED_AVAILABILITY = YES_AGGRESSIVE;
				CLANG_WARN_UNREACHABLE_CODE = YES;
				CLANG_WARN__DUPLICATE_METHOD_MATCH = YES;
				COPY_PHASE_STRIP = NO;
				DEBUG_INFORMATION_FORMAT = "dwarf-with-dsym";
				ENABLE_NS_ASSERTIONS = NO;
				ENABLE_STRICT_OBJC_MSGSEND = YES;
				ENABLE_USER_SCRIPT_SANDBOXING = YES;
				GCC_C_LANGUAGE_STANDARD = gnu17;
				GCC_NO_COMMON_BLOCKS = YES;
				GCC_WARN_64_TO_32_BIT_CONVERSION = YES;
				GCC_WARN_ABOUT_RETURN_TYPE = YES_ERROR;
				GCC_WARN_UNDECLARED_SELECTOR = YES;
				GCC_WARN_UNINITIALIZED_AUTOS = YES_AGGRESSIVE;
				GCC_WARN_UNUSED_FUNCTION = YES;
				GCC_WARN_UNUSED_VARIABLE = YES;
				IPHONEOS_DEPLOYMENT_TARGET = 17.0;
				LOCALIZATION_PREFERS_STRING_CATALOGS = YES;
				MTL_ENABLE_DEBUG_INFO = NO;
				MTL_FAST_MATH = YES;
				SDKROOT = iphoneos;
				SWIFT_COMPILATION_MODE = wholemodule;
				VALIDATE_PRODUCT = YES;
			};
			name = Release;
		};
		48F146112AF741710089B961 /* Debug */ = {
			isa = XCBuildConfiguration;
			buildSettings = {
				ASSETCATALOG_COMPILER_APPICON_NAME = AppIcon;
				ASSETCATALOG_COMPILER_GLOBAL_ACCENT_COLOR_NAME = AccentColor;
				CODE_SIGN_STYLE = Automatic;
				CURRENT_PROJECT_VERSION = 1;
				DEVELOPMENT_ASSET_PATHS = "\"Potterpedia/Preview Content\"";
				DEVELOPMENT_TEAM = SBCRL8SBBK;
				ENABLE_PREVIEWS = YES;
				GENERATE_INFOPLIST_FILE = YES;
				INFOPLIST_KEY_UIApplicationSceneManifest_Generation = YES;
				INFOPLIST_KEY_UIApplicationSupportsIndirectInputEvents = YES;
				INFOPLIST_KEY_UILaunchScreen_Generation = YES;
				INFOPLIST_KEY_UISupportedInterfaceOrientations_iPad = "UIInterfaceOrientationPortrait UIInterfaceOrientationPortraitUpsideDown UIInterfaceOrientationLandscapeLeft UIInterfaceOrientationLandscapeRight";
				INFOPLIST_KEY_UISupportedInterfaceOrientations_iPhone = "UIInterfaceOrientationPortrait UIInterfaceOrientationLandscapeLeft UIInterfaceOrientationLandscapeRight";
				LD_RUNPATH_SEARCH_PATHS = (
					"$(inherited)",
					"@executable_path/Frameworks",
				);
				MARKETING_VERSION = 1.0;
				PRODUCT_BUNDLE_IDENTIFIER = kabir.Potterpedia;
				PRODUCT_NAME = "$(TARGET_NAME)";
				SWIFT_EMIT_LOC_STRINGS = YES;
				SWIFT_VERSION = 5.0;
				TARGETED_DEVICE_FAMILY = "1,2";
			};
			name = Debug;
		};
		48F146122AF741710089B961 /* Release */ = {
			isa = XCBuildConfiguration;
			buildSettings = {
				ASSETCATALOG_COMPILER_APPICON_NAME = AppIcon;
				ASSETCATALOG_COMPILER_GLOBAL_ACCENT_COLOR_NAME = AccentColor;
				CODE_SIGN_STYLE = Automatic;
				CURRENT_PROJECT_VERSION = 1;
				DEVELOPMENT_ASSET_PATHS = "\"Potterpedia/Preview Content\"";
				DEVELOPMENT_TEAM = SBCRL8SBBK;
				ENABLE_PREVIEWS = YES;
				GENERATE_INFOPLIST_FILE = YES;
				INFOPLIST_KEY_UIApplicationSceneManifest_Generation = YES;
				INFOPLIST_KEY_UIApplicationSupportsIndirectInputEvents = YES;
				INFOPLIST_KEY_UILaunchScreen_Generation = YES;
				INFOPLIST_KEY_UISupportedInterfaceOrientations_iPad = "UIInterfaceOrientationPortrait UIInterfaceOrientationPortraitUpsideDown UIInterfaceOrientationLandscapeLeft UIInterfaceOrientationLandscapeRight";
				INFOPLIST_KEY_UISupportedInterfaceOrientations_iPhone = "UIInterfaceOrientationPortrait UIInterfaceOrientationLandscapeLeft UIInterfaceOrientationLandscapeRight";
				LD_RUNPATH_SEARCH_PATHS = (
					"$(inherited)",
					"@executable_path/Frameworks",
				);
				MARKETING_VERSION = 1.0;
				PRODUCT_BUNDLE_IDENTIFIER = kabir.Potterpedia;
				PRODUCT_NAME = "$(TARGET_NAME)";
				SWIFT_EMIT_LOC_STRINGS = YES;
				SWIFT_VERSION = 5.0;
				TARGETED_DEVICE_FAMILY = "1,2";
			};
			name = Release;
		};
		48F146142AF741710089B961 /* Debug */ = {
			isa = XCBuildConfiguration;
			buildSettings = {
				ALWAYS_EMBED_SWIFT_STANDARD_LIBRARIES = YES;
				BUNDLE_LOADER = "$(TEST_HOST)";
				CODE_SIGN_STYLE = Automatic;
				CURRENT_PROJECT_VERSION = 1;
				DEVELOPMENT_TEAM = SBCRL8SBBK;
				GENERATE_INFOPLIST_FILE = YES;
				IPHONEOS_DEPLOYMENT_TARGET = 17.0;
				MARKETING_VERSION = 1.0;
				PRODUCT_BUNDLE_IDENTIFIER = kabir.PotterpediaTests;
				PRODUCT_NAME = "$(TARGET_NAME)";
				SWIFT_EMIT_LOC_STRINGS = NO;
				SWIFT_VERSION = 5.0;
				TARGETED_DEVICE_FAMILY = "1,2";
				TEST_HOST = "$(BUILT_PRODUCTS_DIR)/Potterpedia.app/$(BUNDLE_EXECUTABLE_FOLDER_PATH)/Potterpedia";
			};
			name = Debug;
		};
		48F146152AF741710089B961 /* Release */ = {
			isa = XCBuildConfiguration;
			buildSettings = {
				ALWAYS_EMBED_SWIFT_STANDARD_LIBRARIES = YES;
				BUNDLE_LOADER = "$(TEST_HOST)";
				CODE_SIGN_STYLE = Automatic;
				CURRENT_PROJECT_VERSION = 1;
				DEVELOPMENT_TEAM = SBCRL8SBBK;
				GENERATE_INFOPLIST_FILE = YES;
				IPHONEOS_DEPLOYMENT_TARGET = 17.0;
				MARKETING_VERSION = 1.0;
				PRODUCT_BUNDLE_IDENTIFIER = kabir.PotterpediaTests;
				PRODUCT_NAME = "$(TARGET_NAME)";
				SWIFT_EMIT_LOC_STRINGS = NO;
				SWIFT_VERSION = 5.0;
				TARGETED_DEVICE_FAMILY = "1,2";
				TEST_HOST = "$(BUILT_PRODUCTS_DIR)/Potterpedia.app/$(BUNDLE_EXECUTABLE_FOLDER_PATH)/Potterpedia";
			};
			name = Release;
		};
		48F146172AF741710089B961 /* Debug */ = {
			isa = XCBuildConfiguration;
			buildSettings = {
				ALWAYS_EMBED_SWIFT_STANDARD_LIBRARIES = YES;
				CODE_SIGN_STYLE = Automatic;
				CURRENT_PROJECT_VERSION = 1;
				DEVELOPMENT_TEAM = SBCRL8SBBK;
				GENERATE_INFOPLIST_FILE = YES;
				MARKETING_VERSION = 1.0;
				PRODUCT_BUNDLE_IDENTIFIER = kabir.PotterpediaUITests;
				PRODUCT_NAME = "$(TARGET_NAME)";
				SWIFT_EMIT_LOC_STRINGS = NO;
				SWIFT_VERSION = 5.0;
				TARGETED_DEVICE_FAMILY = "1,2";
				TEST_TARGET_NAME = Potterpedia;
			};
			name = Debug;
		};
		48F146182AF741710089B961 /* Release */ = {
			isa = XCBuildConfiguration;
			buildSettings = {
				ALWAYS_EMBED_SWIFT_STANDARD_LIBRARIES = YES;
				CODE_SIGN_STYLE = Automatic;
				CURRENT_PROJECT_VERSION = 1;
				DEVELOPMENT_TEAM = SBCRL8SBBK;
				GENERATE_INFOPLIST_FILE = YES;
				MARKETING_VERSION = 1.0;
				PRODUCT_BUNDLE_IDENTIFIER = kabir.PotterpediaUITests;
				PRODUCT_NAME = "$(TARGET_NAME)";
				SWIFT_EMIT_LOC_STRINGS = NO;
				SWIFT_VERSION = 5.0;
				TARGETED_DEVICE_FAMILY = "1,2";
				TEST_TARGET_NAME = Potterpedia;
			};
			name = Release;
		};
/* End XCBuildConfiguration section */

/* Begin XCConfigurationList section */
		48F145E72AF741700089B961 /* Build configuration list for PBXProject "Potterpedia" */ = {
			isa = XCConfigurationList;
			buildConfigurations = (
				48F1460E2AF741710089B961 /* Debug */,
				48F1460F2AF741710089B961 /* Release */,
			);
			defaultConfigurationIsVisible = 0;
			defaultConfigurationName = Release;
		};
		48F146102AF741710089B961 /* Build configuration list for PBXNativeTarget "Potterpedia" */ = {
			isa = XCConfigurationList;
			buildConfigurations = (
				48F146112AF741710089B961 /* Debug */,
				48F146122AF741710089B961 /* Release */,
			);
			defaultConfigurationIsVisible = 0;
			defaultConfigurationName = Release;
		};
		48F146132AF741710089B961 /* Build configuration list for PBXNativeTarget "PotterpediaTests" */ = {
			isa = XCConfigurationList;
			buildConfigurations = (
				48F146142AF741710089B961 /* Debug */,
				48F146152AF741710089B961 /* Release */,
			);
			defaultConfigurationIsVisible = 0;
			defaultConfigurationName = Release;
		};
		48F146162AF741710089B961 /* Build configuration list for PBXNativeTarget "PotterpediaUITests" */ = {
			isa = XCConfigurationList;
			buildConfigurations = (
				48F146172AF741710089B961 /* Debug */,
				48F146182AF741710089B961 /* Release */,
			);
			defaultConfigurationIsVisible = 0;
			defaultConfigurationName = Release;
		};
/* End XCConfigurationList section */
	};
	rootObject = 48F145E42AF741700089B961 /* Project object */;
}
